
Microsoft Visual Studio Solution File, Format Version 12.00
# Visual Studio Version 17
VisualStudioVersion = 17.8.34316.72
MinimumVisualStudioVersion = 10.0.40219.1
Project("{FAE04EC0-301F-11D3-BF4B-00C04F79EFBC}") = "WinFormsApp15", "WinFormsApp15\WinFormsApp15.csproj", "{83EA2111-F863-4DCE-8AAB-9A9F2854FBFF}"
EndProject
Global
	GlobalSection(SolutionConfigurationPlatforms) = preSolution
		Debug|Any CPU = Debug|Any CPU
		Release|Any CPU = Release|Any CPU
	EndGlobalSection
	GlobalSection(ProjectConfigurationPlatforms) = postSolution
		{83EA2111-F863-4DCE-8AAB-9A9F2854FBFF}.Debug|Any CPU.ActiveCfg = Debug|Any CPU
		{83EA2111-F863-4DCE-8AAB-9A9F2854FBFF}.Debug|Any CPU.Build.0 = Debug|Any CPU
		{83EA2111-F863-4DCE-8AAB-9A9F2854FBFF}.Release|Any CPU.ActiveCfg = Release|Any CPU
		{83EA2111-F863-4DCE-8AAB-9A9F2854FBFF}.Release|Any CPU.Build.0 = Release|Any CPU
	EndGlobalSection
	GlobalSection(SolutionProperties) = preSolution
		HideSolutionNode = FALSE
	EndGlobalSection
	GlobalSection(ExtensibilityGlobals) = postSolution
		SolutionGuid = {374E17F8-2EC9-472C-A532-72DE915DE0D5}
	EndGlobalSection
EndGlobal
